
Microsoft Visual Studio Solution File, Format Version 12.00
# Visual Studio 15
VisualStudioVersion = 15.0.28307.960
MinimumVisualStudioVersion = 10.0.40219.1
Project("{FAE04EC0-301F-11D3-BF4B-00C04F79EFBC}") = "DynamicSystem", "DynamicSystem\DynamicSystem.csproj", "{B0301431-C7AA-40D8-9692-6D59802E7439}"
EndProject
Global
	GlobalSection(SolutionConfigurationPlatforms) = preSolution
		Debug|Any CPU = Debug|Any CPU
		Release|Any CPU = Release|Any CPU
	EndGlobalSection
	GlobalSection(ProjectConfigurationPlatforms) = postSolution
		{B0301431-C7AA-40D8-9692-6D59802E7439}.Debug|Any CPU.ActiveCfg = Debug|Any CPU
		{B0301431-C7AA-40D8-9692-6D59802E7439}.Debug|Any CPU.Build.0 = Debug|Any CPU
		{B0301431-C7AA-40D8-9692-6D59802E7439}.Release|Any CPU.ActiveCfg = Release|Any CPU
		{B0301431-C7AA-40D8-9692-6D59802E7439}.Release|Any CPU.Build.0 = Release|Any CPU
	EndGlobalSection
	GlobalSection(SolutionProperties) = preSolution
		HideSolutionNode = FALSE
	EndGlobalSection
	GlobalSection(ExtensibilityGlobals) = postSolution
		SolutionGuid = {C611DCCE-86C3-4BE6-B3C1-67F68FFA0F7C}
	EndGlobalSection
EndGlobal
